
Microsoft Visual Studio Solution File, Format Version 12.00
# Visual Studio Version 16
VisualStudioVersion = 16.0.30621.155
MinimumVisualStudioVersion = 10.0.40219.1
Project("{FAE04EC0-301F-11D3-BF4B-00C04F79EFBC}") = "Moldovan_Andrea_Lab6", "Moldovan_Andrea_Lab6.csproj", "{93151C79-E7FE-48B3-84D8-33B544490BE8}"
EndProject
Project("{FAE04EC0-301F-11D3-BF4B-00C04F79EFBC}") = "AutoLotModel", "..\AutoLotModel\AutoLotModel.csproj", "{466C8EA2-1194-44A5-928E-73AA5B612F56}"
EndProject
Global
	GlobalSection(SolutionConfigurationPlatforms) = preSolution
		Debug|Any CPU = Debug|Any CPU
		Release|Any CPU = Release|Any CPU
	EndGlobalSection
	GlobalSection(ProjectConfigurationPlatforms) = postSolution
		{93151C79-E7FE-48B3-84D8-33B544490BE8}.Debug|Any CPU.ActiveCfg = Debug|Any CPU
		{93151C79-E7FE-48B3-84D8-33B544490BE8}.Debug|Any CPU.Build.0 = Debug|Any CPU
		{93151C79-E7FE-48B3-84D8-33B544490BE8}.Release|Any CPU.ActiveCfg = Release|Any CPU
		{93151C79-E7FE-48B3-84D8-33B544490BE8}.Release|Any CPU.Build.0 = Release|Any CPU
		{466C8EA2-1194-44A5-928E-73AA5B612F56}.Debug|Any CPU.ActiveCfg = Debug|Any CPU
		{466C8EA2-1194-44A5-928E-73AA5B612F56}.Debug|Any CPU.Build.0 = Debug|Any CPU
		{466C8EA2-1194-44A5-928E-73AA5B612F56}.Release|Any CPU.ActiveCfg = Release|Any CPU
		{466C8EA2-1194-44A5-928E-73AA5B612F56}.Release|Any CPU.Build.0 = Release|Any CPU
	EndGlobalSection
	GlobalSection(SolutionProperties) = preSolution
		HideSolutionNode = FALSE
	EndGlobalSection
	GlobalSection(ExtensibilityGlobals) = postSolution
		SolutionGuid = {D46BEFA5-DEDF-46FF-BC62-F3591B5A70E4}
	EndGlobalSection
EndGlobal
